
Microsoft Visual Studio Solution File, Format Version 12.00
# Visual Studio Version 17
VisualStudioVersion = 17.14.36109.1 d17.14
MinimumVisualStudioVersion = 10.0.40219.1
Project("{FAE04EC0-301F-11D3-BF4B-00C04F79EFBC}") = "MiniProject3AssetTracking", "MiniProject3AssetTracking\MiniProject3AssetTracking.csproj", "{B686AC43-D0D2-47D7-8448-8D95A811E778}"
EndProject
Global
	GlobalSection(SolutionConfigurationPlatforms) = preSolution
		Debug|Any CPU = Debug|Any CPU
		Release|Any CPU = Release|Any CPU
	EndGlobalSection
	GlobalSection(ProjectConfigurationPlatforms) = postSolution
		{B686AC43-D0D2-47D7-8448-8D95A811E778}.Debug|Any CPU.ActiveCfg = Debug|Any CPU
		{B686AC43-D0D2-47D7-8448-8D95A811E778}.Debug|Any CPU.Build.0 = Debug|Any CPU
		{B686AC43-D0D2-47D7-8448-8D95A811E778}.Release|Any CPU.ActiveCfg = Release|Any CPU
		{B686AC43-D0D2-47D7-8448-8D95A811E778}.Release|Any CPU.Build.0 = Release|Any CPU
	EndGlobalSection
	GlobalSection(SolutionProperties) = preSolution
		HideSolutionNode = FALSE
	EndGlobalSection
	GlobalSection(ExtensibilityGlobals) = postSolution
		SolutionGuid = {7D44044F-494D-45C4-8792-E6BC22B73CFF}
	EndGlobalSection
EndGlobal
